
Microsoft Visual Studio Solution File, Format Version 12.00
# Visual Studio Version 17
VisualStudioVersion = 17.0.32014.148
MinimumVisualStudioVersion = 10.0.40219.1
Project("{9A19103F-16F7-4668-BE54-9A1E7A4F7556}") = "SmartEnergyLabDataApi", "SmartEnergyLabDataApi\SmartEnergyLabDataApi.csproj", "{4CF482AF-F19B-466F-BCB2-1C9F6F48560E}"
EndProject
Project("{9A19103F-16F7-4668-BE54-9A1E7A4F7556}") = "DataAccessBase", "DataAccessBase\DataAccessBase.csproj", "{4FAB17CD-BC74-45F9-A50B-64A8AEA5B86B}"
EndProject
Project("{9A19103F-16F7-4668-BE54-9A1E7A4F7556}") = "EventLogger", "EventLogger\EventLogger.csproj", "{E0CFA2A4-B8C5-4AD2-BA2F-FE28FD80F829}"
EndProject
Project("{FAE04EC0-301F-11D3-BF4B-00C04F79EFBC}") = "SmartEnergyLabGui", "SmartEnergyLabGui\SmartEnergyLabGui.csproj", "{EDBC8B26-927F-449A-AD66-F30B63F87C7F}"
EndProject
Project("{FAE04EC0-301F-11D3-BF4B-00C04F79EFBC}") = "EvDemandService", "EvDemandService\EvDemandService.csproj", "{75A3B1ED-8DBC-4C45-9BFA-46B72515C058}"
EndProject
Project("{FAE04EC0-301F-11D3-BF4B-00C04F79EFBC}") = "CommonInterfaces", "CommonInterfaces\CommonInterfaces.csproj", "{34C1C7D2-ECD5-46A5-8D21-273EE91C93F3}"
EndProject
Global
	GlobalSection(SolutionConfigurationPlatforms) = preSolution
		Debug|Any CPU = Debug|Any CPU
		Release|Any CPU = Release|Any CPU
	EndGlobalSection
	GlobalSection(ProjectConfigurationPlatforms) = postSolution
		{4CF482AF-F19B-466F-BCB2-1C9F6F48560E}.Debug|Any CPU.ActiveCfg = Debug|Any CPU
		{4CF482AF-F19B-466F-BCB2-1C9F6F48560E}.Debug|Any CPU.Build.0 = Debug|Any CPU
		{4CF482AF-F19B-466F-BCB2-1C9F6F48560E}.Release|Any CPU.ActiveCfg = Release|Any CPU
		{4CF482AF-F19B-466F-BCB2-1C9F6F48560E}.Release|Any CPU.Build.0 = Release|Any CPU
		{4FAB17CD-BC74-45F9-A50B-64A8AEA5B86B}.Debug|Any CPU.ActiveCfg = Debug|Any CPU
		{4FAB17CD-BC74-45F9-A50B-64A8AEA5B86B}.Debug|Any CPU.Build.0 = Debug|Any CPU
		{4FAB17CD-BC74-45F9-A50B-64A8AEA5B86B}.Release|Any CPU.ActiveCfg = Release|Any CPU
		{4FAB17CD-BC74-45F9-A50B-64A8AEA5B86B}.Release|Any CPU.Build.0 = Release|Any CPU
		{E0CFA2A4-B8C5-4AD2-BA2F-FE28FD80F829}.Debug|Any CPU.ActiveCfg = Debug|Any CPU
		{E0CFA2A4-B8C5-4AD2-BA2F-FE28FD80F829}.Debug|Any CPU.Build.0 = Debug|Any CPU
		{E0CFA2A4-B8C5-4AD2-BA2F-FE28FD80F829}.Release|Any CPU.ActiveCfg = Release|Any CPU
		{E0CFA2A4-B8C5-4AD2-BA2F-FE28FD80F829}.Release|Any CPU.Build.0 = Release|Any CPU
		{EDBC8B26-927F-449A-AD66-F30B63F87C7F}.Debug|Any CPU.ActiveCfg = Debug|Any CPU
		{EDBC8B26-927F-449A-AD66-F30B63F87C7F}.Debug|Any CPU.Build.0 = Debug|Any CPU
		{EDBC8B26-927F-449A-AD66-F30B63F87C7F}.Release|Any CPU.ActiveCfg = Release|Any CPU
		{EDBC8B26-927F-449A-AD66-F30B63F87C7F}.Release|Any CPU.Build.0 = Release|Any CPU
		{75A3B1ED-8DBC-4C45-9BFA-46B72515C058}.Debug|Any CPU.ActiveCfg = Debug|Any CPU
		{75A3B1ED-8DBC-4C45-9BFA-46B72515C058}.Debug|Any CPU.Build.0 = Debug|Any CPU
		{75A3B1ED-8DBC-4C45-9BFA-46B72515C058}.Release|Any CPU.ActiveCfg = Release|Any CPU
		{75A3B1ED-8DBC-4C45-9BFA-46B72515C058}.Release|Any CPU.Build.0 = Release|Any CPU
		{34C1C7D2-ECD5-46A5-8D21-273EE91C93F3}.Debug|Any CPU.ActiveCfg = Debug|Any CPU
		{34C1C7D2-ECD5-46A5-8D21-273EE91C93F3}.Debug|Any CPU.Build.0 = Debug|Any CPU
		{34C1C7D2-ECD5-46A5-8D21-273EE91C93F3}.Release|Any CPU.ActiveCfg = Release|Any CPU
		{34C1C7D2-ECD5-46A5-8D21-273EE91C93F3}.Release|Any CPU.Build.0 = Release|Any CPU
	EndGlobalSection
	GlobalSection(SolutionProperties) = preSolution
		HideSolutionNode = FALSE
	EndGlobalSection
	GlobalSection(ExtensibilityGlobals) = postSolution
		SolutionGuid = {A35880C7-C4B3-4060-8E62-DEA2E67F5082}
	EndGlobalSection
EndGlobal
